
Microsoft Visual Studio Solution File, Format Version 12.00
# Visual Studio Version 17
VisualStudioVersion = 17.4.33110.190
MinimumVisualStudioVersion = 10.0.40219.1
Project("{9A19103F-16F7-4668-BE54-9A1E7A4F7556}") = "Devi.ServiceHosts.Discord", "Devi.ServiceHosts.Discord\Devi.ServiceHosts.Discord.csproj", "{96935095-DBE7-4386-A7A3-89EDDFB00EAE}"
EndProject
Project("{2150E333-8FDC-42A3-9474-1A3956D46DE8}") = "01_Service", "01_Service", "{F93CE977-C34D-4B02-96AA-037322626A76}"
EndProject
Project("{2150E333-8FDC-42A3-9474-1A3956D46DE8}") = "02_Shared", "02_Shared", "{534BB16E-63F4-4324-A86C-33EF07B8D91F}"
EndProject
Project("{2150E333-8FDC-42A3-9474-1A3956D46DE8}") = "03_Tests", "03_Tests", "{5D6ACBB0-734E-47FA-A899-0DF0AEF519B2}"
EndProject
Project("{2150E333-8FDC-42A3-9474-1A3956D46DE8}") = "04_Misc", "04_Misc", "{034B56CA-CECF-4540-8642-6896842BB78E}"
	ProjectSection(SolutionItems) = preProject
		.dockerignore = .dockerignore
		.editorconfig = .editorconfig
		.gitignore = .gitignore
		README.md = README.md
		StyleCop.Debug.ruleset = StyleCop.Debug.ruleset
		stylecop.json = stylecop.json
		StyleCop.Release.ruleset = StyleCop.Release.ruleset
	EndProjectSection
EndProject
Project("{2150E333-8FDC-42A3-9474-1A3956D46DE8}") = "Scripts", "Scripts", "{5BB0937F-3A2B-4AB5-9EC8-ED54FEFE5E25}"
	ProjectSection(SolutionItems) = preProject
		scripts\SetDockerEnvironmentVariables.ps1 = scripts\SetDockerEnvironmentVariables.ps1
	EndProjectSection
EndProject
Project("{9A19103F-16F7-4668-BE54-9A1E7A4F7556}") = "Devi.ServiceHosts.WebApi", "Devi.ServiceHosts.WebApi\Devi.ServiceHosts.WebApi.csproj", "{3533853B-5283-4051-B893-3F5F49100D83}"
EndProject
Project("{9A19103F-16F7-4668-BE54-9A1E7A4F7556}") = "Devi.ServiceHosts.Core", "Devi.ServiceHosts.Core\Devi.ServiceHosts.Core.csproj", "{0F79FEA8-80B9-44D7-9388-84819CCCEB42}"
EndProject
Project("{9A19103F-16F7-4668-BE54-9A1E7A4F7556}") = "Devi.ServiceHosts.DTOs", "Devi.ServiceHosts.DTOs\Devi.ServiceHosts.DTOs.csproj", "{9DE51550-3987-451B-83E9-0813281A4C8E}"
EndProject
Project("{9A19103F-16F7-4668-BE54-9A1E7A4F7556}") = "Devi.ServiceHosts.Clients", "Devi.ServiceHosts.Clients\Devi.ServiceHosts.Clients.csproj", "{55F8344F-401C-4030-B9BD-7B9BCD6EE2DE}"
EndProject
Project("{2150E333-8FDC-42A3-9474-1A3956D46DE8}") = "GitHub", "GitHub", "{1E547D5B-AC99-4C50-9C43-65D819DE97DE}"
	ProjectSection(SolutionItems) = preProject
		.github\workflows\docker-publish.yml = .github\workflows\docker-publish.yml
	EndProjectSection
EndProject
Project("{9A19103F-16F7-4668-BE54-9A1E7A4F7556}") = "Devi.EventQueue", "Devi.EventQueue\Devi.EventQueue.csproj", "{D4299A4D-6AF7-4B4C-BF1C-3446EDAFEB22}"
EndProject
Project("{9A19103F-16F7-4668-BE54-9A1E7A4F7556}") = "Devi.TestConsole", "Devi.TestConsole\Devi.TestConsole.csproj", "{BD57E26B-51D7-416A-8D06-26F75BB24AB8}"
EndProject
Project("{9A19103F-16F7-4668-BE54-9A1E7A4F7556}") = "Devi.Core", "Devi.Core\Devi.Core.csproj", "{271DEB66-AA6D-493B-B1C5-A4DA9EB6C8B3}"
EndProject
Project("{FAE04EC0-301F-11D3-BF4B-00C04F79EFBC}") = "Devi.ServiceHosts.Discord.Worker", "Devi.ServiceHosts.Discord.Worker\Devi.ServiceHosts.Discord.Worker.csproj", "{4EFC4D5F-CE16-435B-926F-F94535AF1923}"
EndProject
Global
	GlobalSection(SolutionConfigurationPlatforms) = preSolution
		Debug|Any CPU = Debug|Any CPU
		Release|Any CPU = Release|Any CPU
	EndGlobalSection
	GlobalSection(ProjectConfigurationPlatforms) = postSolution
		{96935095-DBE7-4386-A7A3-89EDDFB00EAE}.Debug|Any CPU.ActiveCfg = Debug|Any CPU
		{96935095-DBE7-4386-A7A3-89EDDFB00EAE}.Debug|Any CPU.Build.0 = Debug|Any CPU
		{96935095-DBE7-4386-A7A3-89EDDFB00EAE}.Release|Any CPU.ActiveCfg = Release|Any CPU
		{96935095-DBE7-4386-A7A3-89EDDFB00EAE}.Release|Any CPU.Build.0 = Release|Any CPU
		{3533853B-5283-4051-B893-3F5F49100D83}.Debug|Any CPU.ActiveCfg = Debug|Any CPU
		{3533853B-5283-4051-B893-3F5F49100D83}.Debug|Any CPU.Build.0 = Debug|Any CPU
		{3533853B-5283-4051-B893-3F5F49100D83}.Release|Any CPU.ActiveCfg = Release|Any CPU
		{3533853B-5283-4051-B893-3F5F49100D83}.Release|Any CPU.Build.0 = Release|Any CPU
		{0F79FEA8-80B9-44D7-9388-84819CCCEB42}.Debug|Any CPU.ActiveCfg = Debug|Any CPU
		{0F79FEA8-80B9-44D7-9388-84819CCCEB42}.Debug|Any CPU.Build.0 = Debug|Any CPU
		{0F79FEA8-80B9-44D7-9388-84819CCCEB42}.Release|Any CPU.ActiveCfg = Release|Any CPU
		{0F79FEA8-80B9-44D7-9388-84819CCCEB42}.Release|Any CPU.Build.0 = Release|Any CPU
		{9DE51550-3987-451B-83E9-0813281A4C8E}.Debug|Any CPU.ActiveCfg = Debug|Any CPU
		{9DE51550-3987-451B-83E9-0813281A4C8E}.Debug|Any CPU.Build.0 = Debug|Any CPU
		{9DE51550-3987-451B-83E9-0813281A4C8E}.Release|Any CPU.ActiveCfg = Release|Any CPU
		{9DE51550-3987-451B-83E9-0813281A4C8E}.Release|Any CPU.Build.0 = Release|Any CPU
		{55F8344F-401C-4030-B9BD-7B9BCD6EE2DE}.Debug|Any CPU.ActiveCfg = Debug|Any CPU
		{55F8344F-401C-4030-B9BD-7B9BCD6EE2DE}.Debug|Any CPU.Build.0 = Debug|Any CPU
		{55F8344F-401C-4030-B9BD-7B9BCD6EE2DE}.Release|Any CPU.ActiveCfg = Release|Any CPU
		{55F8344F-401C-4030-B9BD-7B9BCD6EE2DE}.Release|Any CPU.Build.0 = Release|Any CPU
		{D4299A4D-6AF7-4B4C-BF1C-3446EDAFEB22}.Debug|Any CPU.ActiveCfg = Debug|Any CPU
		{D4299A4D-6AF7-4B4C-BF1C-3446EDAFEB22}.Debug|Any CPU.Build.0 = Debug|Any CPU
		{D4299A4D-6AF7-4B4C-BF1C-3446EDAFEB22}.Release|Any CPU.ActiveCfg = Release|Any CPU
		{D4299A4D-6AF7-4B4C-BF1C-3446EDAFEB22}.Release|Any CPU.Build.0 = Release|Any CPU
		{BD57E26B-51D7-416A-8D06-26F75BB24AB8}.Debug|Any CPU.ActiveCfg = Debug|Any CPU
		{BD57E26B-51D7-416A-8D06-26F75BB24AB8}.Debug|Any CPU.Build.0 = Debug|Any CPU
		{BD57E26B-51D7-416A-8D06-26F75BB24AB8}.Release|Any CPU.ActiveCfg = Release|Any CPU
		{BD57E26B-51D7-416A-8D06-26F75BB24AB8}.Release|Any CPU.Build.0 = Release|Any CPU
		{271DEB66-AA6D-493B-B1C5-A4DA9EB6C8B3}.Debug|Any CPU.ActiveCfg = Debug|Any CPU
		{271DEB66-AA6D-493B-B1C5-A4DA9EB6C8B3}.Debug|Any CPU.Build.0 = Debug|Any CPU
		{271DEB66-AA6D-493B-B1C5-A4DA9EB6C8B3}.Release|Any CPU.ActiveCfg = Release|Any CPU
		{271DEB66-AA6D-493B-B1C5-A4DA9EB6C8B3}.Release|Any CPU.Build.0 = Release|Any CPU
		{4EFC4D5F-CE16-435B-926F-F94535AF1923}.Debug|Any CPU.ActiveCfg = Debug|Any CPU
		{4EFC4D5F-CE16-435B-926F-F94535AF1923}.Debug|Any CPU.Build.0 = Debug|Any CPU
		{4EFC4D5F-CE16-435B-926F-F94535AF1923}.Release|Any CPU.ActiveCfg = Release|Any CPU
		{4EFC4D5F-CE16-435B-926F-F94535AF1923}.Release|Any CPU.Build.0 = Release|Any CPU
	EndGlobalSection
	GlobalSection(SolutionProperties) = preSolution
		HideSolutionNode = FALSE
	EndGlobalSection
	GlobalSection(NestedProjects) = preSolution
		{96935095-DBE7-4386-A7A3-89EDDFB00EAE} = {F93CE977-C34D-4B02-96AA-037322626A76}
		{5BB0937F-3A2B-4AB5-9EC8-ED54FEFE5E25} = {034B56CA-CECF-4540-8642-6896842BB78E}
		{3533853B-5283-4051-B893-3F5F49100D83} = {F93CE977-C34D-4B02-96AA-037322626A76}
		{0F79FEA8-80B9-44D7-9388-84819CCCEB42} = {534BB16E-63F4-4324-A86C-33EF07B8D91F}
		{9DE51550-3987-451B-83E9-0813281A4C8E} = {534BB16E-63F4-4324-A86C-33EF07B8D91F}
		{55F8344F-401C-4030-B9BD-7B9BCD6EE2DE} = {534BB16E-63F4-4324-A86C-33EF07B8D91F}
		{1E547D5B-AC99-4C50-9C43-65D819DE97DE} = {034B56CA-CECF-4540-8642-6896842BB78E}
		{D4299A4D-6AF7-4B4C-BF1C-3446EDAFEB22} = {534BB16E-63F4-4324-A86C-33EF07B8D91F}
		{BD57E26B-51D7-416A-8D06-26F75BB24AB8} = {5D6ACBB0-734E-47FA-A899-0DF0AEF519B2}
		{271DEB66-AA6D-493B-B1C5-A4DA9EB6C8B3} = {534BB16E-63F4-4324-A86C-33EF07B8D91F}
		{4EFC4D5F-CE16-435B-926F-F94535AF1923} = {F93CE977-C34D-4B02-96AA-037322626A76}
	EndGlobalSection
	GlobalSection(ExtensibilityGlobals) = postSolution
		SolutionGuid = {611DD04B-90FD-4C54-9A3A-594CC2ED7C7B}
	EndGlobalSection
EndGlobal
